
Microsoft Visual Studio Solution File, Format Version 12.00
# Visual Studio Version 16
VisualStudioVersion = 16.0.33328.57
MinimumVisualStudioVersion = 10.0.40219.1
Project("{888888A0-9F3D-457C-B088-3A5042F75D52}") = "python top down game", "python top down game\python top down game.pyproj", "{44B3FD0D-BFAB-47EE-B3F6-226763DD51A9}"
EndProject
Global
	GlobalSection(SolutionConfigurationPlatforms) = preSolution
		Debug|Any CPU = Debug|Any CPU
		Release|Any CPU = Release|Any CPU
	EndGlobalSection
	GlobalSection(ProjectConfigurationPlatforms) = postSolution
		{44B3FD0D-BFAB-47EE-B3F6-226763DD51A9}.Debug|Any CPU.ActiveCfg = Debug|Any CPU
		{44B3FD0D-BFAB-47EE-B3F6-226763DD51A9}.Release|Any CPU.ActiveCfg = Release|Any CPU
	EndGlobalSection
	GlobalSection(SolutionProperties) = preSolution
		HideSolutionNode = FALSE
	EndGlobalSection
	GlobalSection(ExtensibilityGlobals) = postSolution
		SolutionGuid = {734B4B40-C75B-4C97-BC96-8D0E2E5DC861}
	EndGlobalSection
EndGlobal
